
Microsoft Visual Studio Solution File, Format Version 12.00
# Visual Studio 15
VisualStudioVersion = 15.0.28307.168
MinimumVisualStudioVersion = 10.0.40219.1
Project("{9A19103F-16F7-4668-BE54-9A1E7A4F7556}") = "Leads.BaseApiClient", "Leads.BaseApiClient\Leads.BaseApiClient.csproj", "{40A800A7-1756-4CA8-BAA2-D22993D20A43}"
EndProject
Project("{FAE04EC0-301F-11D3-BF4B-00C04F79EFBC}") = "Leads.Client", "Leads.Client\Leads.Client.csproj", "{0F93FC6D-A12C-4B74-A6EE-47A08B5F0F36}"
EndProject
Project("{FAE04EC0-301F-11D3-BF4B-00C04F79EFBC}") = "Leads.Tests", "Leads.Tests\Leads.Tests.csproj", "{009B0DFA-E301-4EF2-A518-CC3F12FC08E9}"
EndProject
Global
	GlobalSection(SolutionConfigurationPlatforms) = preSolution
		Debug|Any CPU = Debug|Any CPU
		Release|Any CPU = Release|Any CPU
	EndGlobalSection
	GlobalSection(ProjectConfigurationPlatforms) = postSolution
		{40A800A7-1756-4CA8-BAA2-D22993D20A43}.Debug|Any CPU.ActiveCfg = Debug|Any CPU
		{40A800A7-1756-4CA8-BAA2-D22993D20A43}.Debug|Any CPU.Build.0 = Debug|Any CPU
		{40A800A7-1756-4CA8-BAA2-D22993D20A43}.Release|Any CPU.ActiveCfg = Release|Any CPU
		{40A800A7-1756-4CA8-BAA2-D22993D20A43}.Release|Any CPU.Build.0 = Release|Any CPU
		{0F93FC6D-A12C-4B74-A6EE-47A08B5F0F36}.Debug|Any CPU.ActiveCfg = Debug|Any CPU
		{0F93FC6D-A12C-4B74-A6EE-47A08B5F0F36}.Debug|Any CPU.Build.0 = Debug|Any CPU
		{0F93FC6D-A12C-4B74-A6EE-47A08B5F0F36}.Release|Any CPU.ActiveCfg = Release|Any CPU
		{0F93FC6D-A12C-4B74-A6EE-47A08B5F0F36}.Release|Any CPU.Build.0 = Release|Any CPU
		{009B0DFA-E301-4EF2-A518-CC3F12FC08E9}.Debug|Any CPU.ActiveCfg = Debug|Any CPU
		{009B0DFA-E301-4EF2-A518-CC3F12FC08E9}.Debug|Any CPU.Build.0 = Debug|Any CPU
		{009B0DFA-E301-4EF2-A518-CC3F12FC08E9}.Release|Any CPU.ActiveCfg = Release|Any CPU
		{009B0DFA-E301-4EF2-A518-CC3F12FC08E9}.Release|Any CPU.Build.0 = Release|Any CPU
	EndGlobalSection
	GlobalSection(SolutionProperties) = preSolution
		HideSolutionNode = FALSE
	EndGlobalSection
	GlobalSection(ExtensibilityGlobals) = postSolution
		SolutionGuid = {11965217-9A6B-4D1D-AE3A-2757CC51F8CF}
	EndGlobalSection
EndGlobal
